
Microsoft Visual Studio Solution File, Format Version 12.00
# Visual Studio Version 16
VisualStudioVersion = 16.0.31515.178
MinimumVisualStudioVersion = 10.0.40219.1
Project("{FAE04EC0-301F-11D3-BF4B-00C04F79EFBC}") = "ApplicationUser", "ApplicationUser\ApplicationUser.csproj", "{87457752-E95F-48FC-AE4D-1897D8F4F069}"
EndProject
Global
	GlobalSection(SolutionConfigurationPlatforms) = preSolution
		Debug|Any CPU = Debug|Any CPU
		Release|Any CPU = Release|Any CPU
	EndGlobalSection
	GlobalSection(ProjectConfigurationPlatforms) = postSolution
		{87457752-E95F-48FC-AE4D-1897D8F4F069}.Debug|Any CPU.ActiveCfg = Debug|Any CPU
		{87457752-E95F-48FC-AE4D-1897D8F4F069}.Debug|Any CPU.Build.0 = Debug|Any CPU
		{87457752-E95F-48FC-AE4D-1897D8F4F069}.Release|Any CPU.ActiveCfg = Release|Any CPU
		{87457752-E95F-48FC-AE4D-1897D8F4F069}.Release|Any CPU.Build.0 = Release|Any CPU
	EndGlobalSection
	GlobalSection(SolutionProperties) = preSolution
		HideSolutionNode = FALSE
	EndGlobalSection
	GlobalSection(ExtensibilityGlobals) = postSolution
		SolutionGuid = {094AE6C9-C57C-46CB-9929-C40C77FD261C}
	EndGlobalSection
EndGlobal
